// !$*UTF8*$!
{
	archiveVersion = 1;
	classes = {
	};
	objectVersion = 46;
	objects = {

/* Begin PBXBuildFile section */
		9A0E99101DB6929A00BA8DC2 /* AppDelegate.swift in Sources */ = {isa = PBXBuildFile; fileRef = 9A0E990F1DB6929A00BA8DC2 /* AppDelegate.swift */; };
		9A0E99121DB6929A00BA8DC2 /* ViewController.swift in Sources */ = {isa = PBXBuildFile; fileRef = 9A0E99111DB6929A00BA8DC2 /* ViewController.swift */; };
		9A0E99151DB6929A00BA8DC2 /* Main.storyboard in Resources */ = {isa = PBXBuildFile; fileRef = 9A0E99131DB6929A00BA8DC2 /* Main.storyboard */; };
		9A0E99171DB6929A00BA8DC2 /* Assets.xcassets in Resources */ = {isa = PBXBuildFile; fileRef = 9A0E99161DB6929A00BA8DC2 /* Assets.xcassets */; };
		9A0E991A1DB6929A00BA8DC2 /* LaunchScreen.storyboard in Resources */ = {isa = PBXBuildFile; fileRef = 9A0E99181DB6929A00BA8DC2 /* LaunchScreen.storyboard */; };
		9A0E99231DB69E5000BA8DC2 /* LoginController.swift in Sources */ = {isa = PBXBuildFile; fileRef = 9A0E99221DB69E5000BA8DC2 /* LoginController.swift */; };
		9A15247B1DB6B69900D18CF5 /* GoogleService-Info.plist in Resources */ = {isa = PBXBuildFile; fileRef = 9A15247A1DB6B69900D18CF5 /* GoogleService-Info.plist */; };
		E83555E187B6280D833C4F7E /* Pods_LetsChat.framework in Frameworks */ = {isa = PBXBuildFile; fileRef = ECD25AF8617A9BE45C91800F /* Pods_LetsChat.framework */; };
/* End PBXBuildFile section */

/* Begin PBXFileReference section */
		4B0EF2D7703630F601B5F631 /* Pods-LetsChat.debug.xcconfig */ = {isa = PBXFileReference; includeInIndex = 1; lastKnownFileType = text.xcconfig; name = "Pods-LetsChat.debug.xcconfig"; path = "Pods/Target Support Files/Pods-LetsChat/Pods-LetsChat.debug.xcconfig"; sourceTree = "<group>"; };
		9A0E990C1DB6929A00BA8DC2 /* LetsChat.app */ = {isa = PBXFileReference; explicitFileType = wrapper.application; includeInIndex = 0; path = LetsChat.app; sourceTree = BUILT_PRODUCTS_DIR; };
		9A0E990F1DB6929A00BA8DC2 /* AppDelegate.swift */ = {isa = PBXFileReference; lastKnownFileType = sourcecode.swift; path = AppDelegate.swift; sourceTree = "<group>"; };
		9A0E99111DB6929A00BA8DC2 /* ViewController.swift */ = {isa = PBXFileReference; lastKnownFileType = sourcecode.swift; path = ViewController.swift; sourceTree = "<group>"; };
		9A0E99141DB6929A00BA8DC2 /* Base */ = {isa = PBXFileReference; lastKnownFileType = file.storyboard; name = Base; path = Base.lproj/Main.storyboard; sourceTree = "<group>"; };
		9A0E99161DB6929A00BA8DC2 /* Assets.xcassets */ = {isa = PBXFileReference; lastKnownFileType = folder.assetcatalog; path = Assets.xcassets; sourceTree = "<group>"; };
		9A0E99191DB6929A00BA8DC2 /* Base */ = {isa = PBXFileReference; lastKnownFileType = file.storyboard; name = Base; path = Base.lproj/LaunchScreen.storyboard; sourceTree = "<group>"; };
		9A0E991B1DB6929A00BA8DC2 /* Info.plist */ = {isa = PBXFileReference; lastKnownFileType = text.plist.xml; path = Info.plist; sourceTree = "<group>"; };
		9A0E99221DB69E5000BA8DC2 /* LoginController.swift */ = {isa = PBXFileReference; fileEncoding = 4; lastKnownFileType = sourcecode.swift; path = LoginController.swift; sourceTree = "<group>"; };
		9A15247A1DB6B69900D18CF5 /* GoogleService-Info.plist */ = {isa = PBXFileReference; fileEncoding = 4; lastKnownFileType = text.plist.xml; path = "GoogleService-Info.plist"; sourceTree = "<group>"; };
		ECD25AF8617A9BE45C91800F /* Pods_LetsChat.framework */ = {isa = PBXFileReference; explicitFileType = wrapper.framework; includeInIndex = 0; path = Pods_LetsChat.framework; sourceTree = BUILT_PRODUCTS_DIR; };
		F6295FA2065D3E707E8DA49F /* Pods-LetsChat.release.xcconfig */ = {isa = PBXFileReference; includeInIndex = 1; lastKnownFileType = text.xcconfig; name = "Pods-LetsChat.release.xcconfig"; path = "Pods/Target Support Files/Pods-LetsChat/Pods-LetsChat.release.xcconfig"; sourceTree = "<group>"; };
/* End PBXFileReference section */

/* Begin PBXFrameworksBuildPhase section */
		9A0E99091DB6929A00BA8DC2 /* Frameworks */ = {
			isa = PBXFrameworksBuildPhase;
			buildActionMask = 2147483647;
			files = (
				E83555E187B6280D833C4F7E /* Pods_LetsChat.framework in Frameworks */,
			);
			runOnlyForDeploymentPostprocessing = 0;
		};
/* End PBXFrameworksBuildPhase section */

/* Begin PBXGroup section */
		3AA24F567DA5C0E02BB5859D /* Pods */ = {
			isa = PBXGroup;
			children = (
				4B0EF2D7703630F601B5F631 /* Pods-LetsChat.debug.xcconfig */,
				F6295FA2065D3E707E8DA49F /* Pods-LetsChat.release.xcconfig */,
			);
			name = Pods;
			sourceTree = "<group>";
		};
		9A0E99031DB6929A00BA8DC2 = {
			isa = PBXGroup;
			children = (
				9A0E990E1DB6929A00BA8DC2 /* LetsChat */,
				9A0E990D1DB6929A00BA8DC2 /* Products */,
				3AA24F567DA5C0E02BB5859D /* Pods */,
				9D35A7B0D2A2799779F40712 /* Frameworks */,
			);
			sourceTree = "<group>";
		};
		9A0E990D1DB6929A00BA8DC2 /* Products */ = {
			isa = PBXGroup;
			children = (
				9A0E990C1DB6929A00BA8DC2 /* LetsChat.app */,
			);
			name = Products;
			sourceTree = "<group>";
		};
		9A0E990E1DB6929A00BA8DC2 /* LetsChat */ = {
			isa = PBXGroup;
			children = (
				9A0E99211DB69E3400BA8DC2 /* Controller */,
				9A0E990F1DB6929A00BA8DC2 /* AppDelegate.swift */,
				9A0E99131DB6929A00BA8DC2 /* Main.storyboard */,
				9A0E99161DB6929A00BA8DC2 /* Assets.xcassets */,
				9A0E99181DB6929A00BA8DC2 /* LaunchScreen.storyboard */,
				9A0E991B1DB6929A00BA8DC2 /* Info.plist */,
				9A15247A1DB6B69900D18CF5 /* GoogleService-Info.plist */,
			);
			path = LetsChat;
			sourceTree = "<group>";
		};
		9A0E99211DB69E3400BA8DC2 /* Controller */ = {
			isa = PBXGroup;
			children = (
				9A0E99221DB69E5000BA8DC2 /* LoginController.swift */,
				9A0E99111DB6929A00BA8DC2 /* ViewController.swift */,
			);
			name = Controller;
			sourceTree = "<group>";
		};
		9D35A7B0D2A2799779F40712 /* Frameworks */ = {
			isa = PBXGroup;
			children = (
				ECD25AF8617A9BE45C91800F /* Pods_LetsChat.framework */,
			);
			name = Frameworks;
			sourceTree = "<group>";
		};
/* End PBXGroup section */

/* Begin PBXNativeTarget section */
		9A0E990B1DB6929A00BA8DC2 /* LetsChat */ = {
			isa = PBXNativeTarget;
			buildConfigurationList = 9A0E991E1DB6929A00BA8DC2 /* Build configuration list for PBXNativeTarget "LetsChat" */;
			buildPhases = (
				5BFA199350B7FE2DD1F12F2E /* [CP] Check Pods Manifest.lock */,
				9A0E99081DB6929A00BA8DC2 /* Sources */,
				9A0E99091DB6929A00BA8DC2 /* Frameworks */,
				9A0E990A1DB6929A00BA8DC2 /* Resources */,
				97A4AED39B0964A55EDEA48D /* [CP] Embed Pods Frameworks */,
				ED148A89ECDAEBED4F487569 /* [CP] Copy Pods Resources */,
			);
			buildRules = (
			);
			dependencies = (
			);
			name = LetsChat;
			productName = LetsChat;
			productReference = 9A0E990C1DB6929A00BA8DC2 /* LetsChat.app */;
			productType = "com.apple.product-type.application";
		};
/* End PBXNativeTarget section */

/* Begin PBXProject section */
		9A0E99041DB6929A00BA8DC2 /* Project object */ = {
			isa = PBXProject;
			attributes = {
				LastSwiftUpdateCheck = 0730;
				LastUpgradeCheck = 0730;
				ORGANIZATIONNAME = "Jon Kim";
				TargetAttributes = {
					9A0E990B1DB6929A00BA8DC2 = {
						CreatedOnToolsVersion = 7.3.1;
						LastSwiftMigration = 0810;
					};
				};
			};
			buildConfigurationList = 9A0E99071DB6929A00BA8DC2 /* Build configuration list for PBXProject "LetsChat" */;
			compatibilityVersion = "Xcode 3.2";
			developmentRegion = English;
			hasScannedForEncodings = 0;
			knownRegions = (
				en,
				Base,
			);
			mainGroup = 9A0E99031DB6929A00BA8DC2;
			productRefGroup = 9A0E990D1DB6929A00BA8DC2 /* Products */;
			projectDirPath = "";
			projectRoot = "";
			targets = (
				9A0E990B1DB6929A00BA8DC2 /* LetsChat */,
			);
		};
/* End PBXProject section */

/* Begin PBXResourcesBuildPhase section */
		9A0E990A1DB6929A00BA8DC2 /* Resources */ = {
			isa = PBXResourcesBuildPhase;
			buildActionMask = 2147483647;
			files = (
				9A0E991A1DB6929A00BA8DC2 /* LaunchScreen.storyboard in Resources */,
				9A15247B1DB6B69900D18CF5 /* GoogleService-Info.plist in Resources */,
				9A0E99171DB6929A00BA8DC2 /* Assets.xcassets in Resources */,
				9A0E99151DB6929A00BA8DC2 /* Main.storyboard in Resources */,
			);
			runOnlyForDeploymentPostprocessing = 0;
		};
/* End PBXResourcesBuildPhase section */

/* Begin PBXShellScriptBuildPhase section */
		5BFA199350B7FE2DD1F12F2E /* [CP] Check Pods Manifest.lock */ = {
			isa = PBXShellScriptBuildPhase;
			buildActionMask = 2147483647;
			files = (
			);
			inputPaths = (
			);
			name = "[CP] Check Pods Manifest.lock";
			outputPaths = (
			);
			runOnlyForDeploymentPostprocessing = 0;
			shellPath = /bin/sh;
			shellScript = "diff \"${PODS_ROOT}/../Podfile.lock\" \"${PODS_ROOT}/Manifest.lock\" > /dev/null\nif [[ $? != 0 ]] ; then\n    cat << EOM\nerror: The sandbox is not in sync with the Podfile.lock. Run 'pod install' or update your CocoaPods installation.\nEOM\n    exit 1\nfi\n";
			showEnvVarsInLog = 0;
		};
		97A4AED39B0964A55EDEA48D /* [CP] Embed Pods Frameworks */ = {
			isa = PBXShellScriptBuildPhase;
			buildActionMask = 2147483647;
			files = (
			);
			inputPaths = (
			);
			name = "[CP] Embed Pods Frameworks";
			outputPaths = (
			);
			runOnlyForDeploymentPostprocessing = 0;
			shellPath = /bin/sh;
			shellScript = "\"${SRCROOT}/Pods/Target Support Files/Pods-LetsChat/Pods-LetsChat-frameworks.sh\"\n";
			showEnvVarsInLog = 0;
		};
		ED148A89ECDAEBED4F487569 /* [CP] Copy Pods Resources */ = {
			isa = PBXShellScriptBuildPhase;
			buildActionMask = 2147483647;
			files = (
			);
			inputPaths = (
			);
			name = "[CP] Copy Pods Resources";
			outputPaths = (
			);
			runOnlyForDeploymentPostprocessing = 0;
			shellPath = /bin/sh;
			shellScript = "\"${SRCROOT}/Pods/Target Support Files/Pods-LetsChat/Pods-LetsChat-resources.sh\"\n";
			showEnvVarsInLog = 0;
		};
/* End PBXShellScriptBuildPhase section */

/* Begin PBXSourcesBuildPhase section */
		9A0E99081DB6929A00BA8DC2 /* Sources */ = {
			isa = PBXSourcesBuildPhase;
			buildActionMask = 2147483647;
			files = (
				9A0E99121DB6929A00BA8DC2 /* ViewController.swift in Sources */,
				9A0E99231DB69E5000BA8DC2 /* LoginController.swift in Sources */,
				9A0E99101DB6929A00BA8DC2 /* AppDelegate.swift in Sources */,
			);
			runOnlyForDeploymentPostprocessing = 0;
		};
/* End PBXSourcesBuildPhase section */

/* Begin PBXVariantGroup section */
		9A0E99131DB6929A00BA8DC2 /* Main.storyboard */ = {
			isa = PBXVariantGroup;
			children = (
				9A0E99141DB6929A00BA8DC2 /* Base */,
			);
			name = Main.storyboard;
			sourceTree = "<group>";
		};
		9A0E99181DB6929A00BA8DC2 /* LaunchScreen.storyboard */ = {
			isa = PBXVariantGroup;
			children = (
				9A0E99191DB6929A00BA8DC2 /* Base */,
			);
			name = LaunchScreen.storyboard;
			sourceTree = "<group>";
		};
/* End PBXVariantGroup section */

/* Begin XCBuildConfiguration section */
		9A0E991C1DB6929A00BA8DC2 /* Debug */ = {
			isa = XCBuildConfiguration;
			buildSettings = {
				ALWAYS_SEARCH_USER_PATHS = NO;
				CLANG_ANALYZER_NONNULL = YES;
				CLANG_CXX_LANGUAGE_STANDARD = "gnu++0x";
				CLANG_CXX_LIBRARY = "libc++";
				CLANG_ENABLE_MODULES = YES;
				CLANG_ENABLE_OBJC_ARC = YES;
				CLANG_WARN_BOOL_CONVERSION = YES;
				CLANG_WARN_CONSTANT_CONVERSION = YES;
				CLANG_WARN_DIRECT_OBJC_ISA_USAGE = YES_ERROR;
				CLANG_WARN_EMPTY_BODY = YES;
				CLANG_WARN_ENUM_CONVERSION = YES;
				CLANG_WARN_INT_CONVERSION = YES;
				CLANG_WARN_OBJC_ROOT_CLASS = YES_ERROR;
				CLANG_WARN_UNREACHABLE_CODE = YES;
				CLANG_WARN__DUPLICATE_METHOD_MATCH = YES;
				"CODE_SIGN_IDENTITY[sdk=iphoneos*]" = "iPhone Developer";
				COPY_PHASE_STRIP = NO;
				DEBUG_INFORMATION_FORMAT = dwarf;
				ENABLE_STRICT_OBJC_MSGSEND = YES;
				ENABLE_TESTABILITY = YES;
				GCC_C_LANGUAGE_STANDARD = gnu99;
				GCC_DYNAMIC_NO_PIC = NO;
				GCC_NO_COMMON_BLOCKS = YES;
				GCC_OPTIMIZATION_LEVEL = 0;
				GCC_PREPROCESSOR_DEFINITIONS = (
					"DEBUG=1",
					"$(inherited)",
				);
				GCC_WARN_64_TO_32_BIT_CONVERSION = YES;
				GCC_WARN_ABOUT_RETURN_TYPE = YES_ERROR;
				GCC_WARN_UNDECLARED_SELECTOR = YES;
				GCC_WARN_UNINITIALIZED_AUTOS = YES_AGGRESSIVE;
				GCC_WARN_UNUSED_FUNCTION = YES;
				GCC_WARN_UNUSED_VARIABLE = YES;
				IPHONEOS_DEPLOYMENT_TARGET = 9.3;
				MTL_ENABLE_DEBUG_INFO = YES;
				ONLY_ACTIVE_ARCH = YES;
				SDKROOT = iphoneos;
				SWIFT_OPTIMIZATION_LEVEL = "-Onone";
				TARGETED_DEVICE_FAMILY = "1,2";
			};
			name = Debug;
		};
		9A0E991D1DB6929A00BA8DC2 /* Release */ = {
			isa = XCBuildConfiguration;
			buildSettings = {
				ALWAYS_SEARCH_USER_PATHS = NO;
				CLANG_ANALYZER_NONNULL = YES;
				CLANG_CXX_LANGUAGE_STANDARD = "gnu++0x";
				CLANG_CXX_LIBRARY = "libc++";
				CLANG_ENABLE_MODULES = YES;
				CLANG_ENABLE_OBJC_ARC = YES;
				CLANG_WARN_BOOL_CONVERSION = YES;
				CLANG_WARN_CONSTANT_CONVERSION = YES;
				CLANG_WARN_DIRECT_OBJC_ISA_USAGE = YES_ERROR;
				CLANG_WARN_EMPTY_BODY = YES;
				CLANG_WARN_ENUM_CONVERSION = YES;
				CLANG_WARN_INT_CONVERSION = YES;
				CLANG_WARN_OBJC_ROOT_CLASS = YES_ERROR;
				CLANG_WARN_UNREACHABLE_CODE = YES;
				CLANG_WARN__DUPLICATE_METHOD_MATCH = YES;
				"CODE_SIGN_IDENTITY[sdk=iphoneos*]" = "iPhone Developer";
				COPY_PHASE_STRIP = NO;
				DEBUG_INFORMATION_FORMAT = "dwarf-with-dsym";
				ENABLE_NS_ASSERTIONS = NO;
				ENABLE_STRICT_OBJC_MSGSEND = YES;
				GCC_C_LANGUAGE_STANDARD = gnu99;
				GCC_NO_COMMON_BLOCKS = YES;
				GCC_WARN_64_TO_32_BIT_CONVERSION = YES;
				GCC_WARN_ABOUT_RETURN_TYPE = YES_ERROR;
				GCC_WARN_UNDECLARED_SELECTOR = YES;
				GCC_WARN_UNINITIALIZED_AUTOS = YES_AGGRESSIVE;
				GCC_WARN_UNUSED_FUNCTION = YES;
				GCC_WARN_UNUSED_VARIABLE = YES;
				IPHONEOS_DEPLOYMENT_TARGET = 9.3;
				MTL_ENABLE_DEBUG_INFO = NO;
				SDKROOT = iphoneos;
				TARGETED_DEVICE_FAMILY = "1,2";
				VALIDATE_PRODUCT = YES;
			};
			name = Release;
		};
		9A0E991F1DB6929A00BA8DC2 /* Debug */ = {
			isa = XCBuildConfiguration;
			baseConfigurationReference = 4B0EF2D7703630F601B5F631 /* Pods-LetsChat.debug.xcconfig */;
			buildSettings = {
				ASSETCATALOG_COMPILER_APPICON_NAME = AppIcon;
				INFOPLIST_FILE = LetsChat/Info.plist;
				LD_RUNPATH_SEARCH_PATHS = "$(inherited) @executable_path/Frameworks";
				PRODUCT_BUNDLE_IDENTIFIER = jonno.LetsChat;
				PRODUCT_NAME = "$(TARGET_NAME)";
				SWIFT_VERSION = 2.3;
			};
			name = Debug;
		};
		9A0E99201DB6929A00BA8DC2 /* Release */ = {
			isa = XCBuildConfiguration;
			baseConfigurationReference = F6295FA2065D3E707E8DA49F /* Pods-LetsChat.release.xcconfig */;
			buildSettings = {
				ASSETCATALOG_COMPILER_APPICON_NAME = AppIcon;
				INFOPLIST_FILE = LetsChat/Info.plist;
				LD_RUNPATH_SEARCH_PATHS = "$(inherited) @executable_path/Frameworks";
				PRODUCT_BUNDLE_IDENTIFIER = jonno.LetsChat;
				PRODUCT_NAME = "$(TARGET_NAME)";
				SWIFT_VERSION = 2.3;
			};
			name = Release;
		};
/* End XCBuildConfiguration section */

/* Begin XCConfigurationList section */
		9A0E99071DB6929A00BA8DC2 /* Build configuration list for PBXProject "LetsChat" */ = {
			isa = XCConfigurationList;
			buildConfigurations = (
				9A0E991C1DB6929A00BA8DC2 /* Debug */,
				9A0E991D1DB6929A00BA8DC2 /* Release */,
			);
			defaultConfigurationIsVisible = 0;
			defaultConfigurationName = Release;
		};
		9A0E991E1DB6929A00BA8DC2 /* Build configuration list for PBXNativeTarget "LetsChat" */ = {
			isa = XCConfigurationList;
			buildConfigurations = (
				9A0E991F1DB6929A00BA8DC2 /* Debug */,
				9A0E99201DB6929A00BA8DC2 /* Release */,
			);
			defaultConfigurationIsVisible = 0;
			defaultConfigurationName = Release;
		};
/* End XCConfigurationList section */
	};
	rootObject = 9A0E99041DB6929A00BA8DC2 /* Project object */;
}
